
Microsoft Visual Studio Solution File, Format Version 12.00
# Visual Studio Version 17
VisualStudioVersion = 17.14.36518.9 d17.14
MinimumVisualStudioVersion = 10.0.40219.1
Project("{FAE04EC0-301F-11D3-BF4B-00C04F79EFBC}") = "ConsoleApp12", "ConsoleApp12\ConsoleApp12.csproj", "{A1D435AA-A084-41B5-B85B-6B8550E72B94}"
EndProject
Global
	GlobalSection(SolutionConfigurationPlatforms) = preSolution
		Debug|Any CPU = Debug|Any CPU
		Release|Any CPU = Release|Any CPU
	EndGlobalSection
	GlobalSection(ProjectConfigurationPlatforms) = postSolution
		{A1D435AA-A084-41B5-B85B-6B8550E72B94}.Debug|Any CPU.ActiveCfg = Debug|Any CPU
		{A1D435AA-A084-41B5-B85B-6B8550E72B94}.Debug|Any CPU.Build.0 = Debug|Any CPU
		{A1D435AA-A084-41B5-B85B-6B8550E72B94}.Release|Any CPU.ActiveCfg = Release|Any CPU
		{A1D435AA-A084-41B5-B85B-6B8550E72B94}.Release|Any CPU.Build.0 = Release|Any CPU
	EndGlobalSection
	GlobalSection(SolutionProperties) = preSolution
		HideSolutionNode = FALSE
	EndGlobalSection
	GlobalSection(ExtensibilityGlobals) = postSolution
		SolutionGuid = {B76A97EB-4C60-421E-9250-D7F529A48D77}
	EndGlobalSection
EndGlobal
